Microsoft Visual Studio Solution File, Format Version 12.00
# Visual Studio Version 17
VisualStudioVersion = 17.0.31903.59
MinimumVisualStudioVersion = 10.0.40219.1
Project("{FAE04EC0-301F-11D3-BF4B-00C04F79EFBC}") = "ApiGateway", "src\ApiGateway\ApiGateway.csproj", "{A1111111-1111-1111-1111-111111111111}"
EndProject
Project("{2150E333-8FDC-42A3-9474-1A3956D46DE8}") = "Account", "Account", "{A2222222-2222-2222-2222-222222222222}"
EndProject
Project("{FAE04EC0-301F-11D3-BF4B-00C04F79EFBC}") = "Account.API", "src\Services\Account\Account.API\Account.API.csproj", "{A2222221-2222-2222-2222-222222222221}"
EndProject
Project("{FAE04EC0-301F-11D3-BF4B-00C04F79EFBC}") = "Account.Application", "src\Services\Account\Account.Application\Account.Application.csproj", "{D1B21979-2761-4E6B-81F1-5EDCD96AE006}"
EndProject
Project("{FAE04EC0-301F-11D3-BF4B-00C04F79EFBC}") = "Account.Domain", "src\Services\Account\Account.Domain\Account.Domain.csproj", "{A2222223-2222-2222-2222-222222222223}"
EndProject
Project("{FAE04EC0-301F-11D3-BF4B-00C04F79EFBC}") = "Account.Infrastructure", "src\Services\Account\Account.Infrastructure\Account.Infrastructure.csproj", "{A2222224-2222-2222-2222-222222222224}"
EndProject
Project("{2150E333-8FDC-42A3-9474-1A3956D46DE8}") = "Auth", "Auth", "{A3333333-3333-3333-3333-333333333333}"
EndProject
Project("{FAE04EC0-301F-11D3-BF4B-00C04F79EFBC}") = "Auth.API", "src\Services\Auth\Auth.API\Auth.API.csproj", "{A3333331-3333-3333-3333-333333333331}"
EndProject
Project("{2150E333-8FDC-42A3-9474-1A3956D46DE8}") = "src", "src", "{02EA681E-C7D8-13C7-8484-4AC65E1B71E8}"
	ProjectSection(SolutionItems) = preProject
		ARCHITECTURE.md = ARCHITECTURE.md
		docker-compose.yml = docker-compose.yml
		QUICK_START.md = QUICK_START.md
		README.md = README.md
		start.sh = start.sh
		USAGE_GUIDE.md = USAGE_GUIDE.md
		VISUAL_STUDIO_GUIDE.md = VISUAL_STUDIO_GUIDE.md
	EndProjectSection
EndProject
Project("{2150E333-8FDC-42A3-9474-1A3956D46DE8}") = "Services", "Services", "{4BE75DCF-B10B-470A-870E-8B0CF03015D5}"
EndProject
Project("{2150E333-8FDC-42A3-9474-1A3956D46DE8}") = "Customer", "Customer", "{9C8C2C0D-EE0D-400C-BA8E-DECEE8F2EEE3}"
EndProject
Project("{2150E333-8FDC-42A3-9474-1A3956D46DE8}") = "Notification", "Notification", "{9EB43196-601D-4763-B21D-6B7E8305807F}"
EndProject
Project("{2150E333-8FDC-42A3-9474-1A3956D46DE8}") = "Transaction", "Transaction", "{ED4EBCA4-A70D-44EA-A1B2-22ADC31B3798}"
EndProject
Project("{FAE04EC0-301F-11D3-BF4B-00C04F79EFBC}") = "Customer.API", "src\Services\Customer\Customer.API\Customer.API.csproj", "{569ACE60-D595-2D4A-78E5-1EF34D69A81E}"
EndProject
Project("{FAE04EC0-301F-11D3-BF4B-00C04F79EFBC}") = "Customer.Application", "src\Services\Customer\Customer.Application\Customer.Application.csproj", "{647090E5-949C-DC7D-2BE0-3F961DD27E2F}"
EndProject
Project("{FAE04EC0-301F-11D3-BF4B-00C04F79EFBC}") = "Customer.Domain", "src\Services\Customer\Customer.Domain\Customer.Domain.csproj", "{091B6ADE-55DF-A994-AA9D-DC3426DDFB38}"
EndProject
Project("{FAE04EC0-301F-11D3-BF4B-00C04F79EFBC}") = "Customer.Infrastructure", "src\Services\Customer\Customer.Infrastructure\Customer.Infrastructure.csproj", "{A38BF325-1D97-E9D2-A841-FEB7E82DD876}"
EndProject
Project("{FAE04EC0-301F-11D3-BF4B-00C04F79EFBC}") = "Notification.API", "src\Services\Notification\Notification.API\Notification.API.csproj", "{7AC8279A-2D27-2B0A-4639-E8070E8CB2E3}"
EndProject
Project("{FAE04EC0-301F-11D3-BF4B-00C04F79EFBC}") = "Transaction.API", "src\Services\Transaction\Transaction.API\Transaction.API.csproj", "{9E913FE0-2A9E-96A0-89AD-849EDF57367A}"
EndProject
Project("{FAE04EC0-301F-11D3-BF4B-00C04F79EFBC}") = "Transaction.Application", "src\Services\Transaction\Transaction.Application\Transaction.Application.csproj", "{FDC9BBDF-A1FD-9B5A-872E-DB4A6FC25023}"
EndProject
Project("{FAE04EC0-301F-11D3-BF4B-00C04F79EFBC}") = "Transaction.Domain", "src\Services\Transaction\Transaction.Domain\Transaction.Domain.csproj", "{A7403B1A-7913-537A-133A-750F6208DE14}"
EndProject
Project("{FAE04EC0-301F-11D3-BF4B-00C04F79EFBC}") = "Transaction.Infrastructure", "src\Services\Transaction\Transaction.Infrastructure\Transaction.Infrastructure.csproj", "{911F7764-005C-368F-ECE2-D444F9C1A206}"
EndProject
Global
	GlobalSection(SolutionConfigurationPlatforms) = preSolution
		Debug|Any CPU = Debug|Any CPU
		Release|Any CPU = Release|Any CPU
	EndGlobalSection
	GlobalSection(ProjectConfigurationPlatforms) = postSolution
		{A1111111-1111-1111-1111-111111111111}.Debug|Any CPU.ActiveCfg = Debug|Any CPU
		{A1111111-1111-1111-1111-111111111111}.Debug|Any CPU.Build.0 = Debug|Any CPU
		{A1111111-1111-1111-1111-111111111111}.Release|Any CPU.ActiveCfg = Release|Any CPU
		{A1111111-1111-1111-1111-111111111111}.Release|Any CPU.Build.0 = Release|Any CPU
		{A2222222-2222-2222-2222-222222222222}.Debug|Any CPU.ActiveCfg = Debug|Any CPU
		{A2222222-2222-2222-2222-222222222222}.Debug|Any CPU.Build.0 = Debug|Any CPU
		{A2222222-2222-2222-2222-222222222222}.Release|Any CPU.ActiveCfg = Release|Any CPU
		{A2222222-2222-2222-2222-222222222222}.Release|Any CPU.Build.0 = Release|Any CPU
		{A2222221-2222-2222-2222-222222222221}.Debug|Any CPU.ActiveCfg = Debug|Any CPU
		{A2222221-2222-2222-2222-222222222221}.Debug|Any CPU.Build.0 = Debug|Any CPU
		{A2222221-2222-2222-2222-222222222221}.Release|Any CPU.ActiveCfg = Release|Any CPU
		{A2222221-2222-2222-2222-222222222221}.Release|Any CPU.Build.0 = Release|Any CPU
		{D1B21979-2761-4E6B-81F1-5EDCD96AE006}.Debug|Any CPU.ActiveCfg = Debug|Any CPU
		{D1B21979-2761-4E6B-81F1-5EDCD96AE006}.Debug|Any CPU.Build.0 = Debug|Any CPU
		{D1B21979-2761-4E6B-81F1-5EDCD96AE006}.Release|Any CPU.ActiveCfg = Release|Any CPU
		{D1B21979-2761-4E6B-81F1-5EDCD96AE006}.Release|Any CPU.Build.0 = Release|Any CPU
		{A2222223-2222-2222-2222-222222222223}.Debug|Any CPU.ActiveCfg = Debug|Any CPU
		{A2222223-2222-2222-2222-222222222223}.Debug|Any CPU.Build.0 = Debug|Any CPU
		{A2222223-2222-2222-2222-222222222223}.Release|Any CPU.ActiveCfg = Release|Any CPU
		{A2222223-2222-2222-2222-222222222223}.Release|Any CPU.Build.0 = Release|Any CPU
		{A2222224-2222-2222-2222-222222222224}.Debug|Any CPU.ActiveCfg = Debug|Any CPU
		{A2222224-2222-2222-2222-222222222224}.Debug|Any CPU.Build.0 = Debug|Any CPU
		{A2222224-2222-2222-2222-222222222224}.Release|Any CPU.ActiveCfg = Release|Any CPU
		{A2222224-2222-2222-2222-222222222224}.Release|Any CPU.Build.0 = Release|Any CPU
		{A3333331-3333-3333-3333-333333333331}.Debug|Any CPU.ActiveCfg = Debug|Any CPU
		{A3333331-3333-3333-3333-333333333331}.Debug|Any CPU.Build.0 = Debug|Any CPU
		{A3333331-3333-3333-3333-333333333331}.Release|Any CPU.ActiveCfg = Release|Any CPU
		{A3333331-3333-3333-3333-333333333331}.Release|Any CPU.Build.0 = Release|Any CPU
		{569ACE60-D595-2D4A-78E5-1EF34D69A81E}.Debug|Any CPU.ActiveCfg = Debug|Any CPU
		{569ACE60-D595-2D4A-78E5-1EF34D69A81E}.Debug|Any CPU.Build.0 = Debug|Any CPU
		{569ACE60-D595-2D4A-78E5-1EF34D69A81E}.Release|Any CPU.ActiveCfg = Release|Any CPU
		{569ACE60-D595-2D4A-78E5-1EF34D69A81E}.Release|Any CPU.Build.0 = Release|Any CPU
		{647090E5-949C-DC7D-2BE0-3F961DD27E2F}.Debug|Any CPU.ActiveCfg = Debug|Any CPU
		{647090E5-949C-DC7D-2BE0-3F961DD27E2F}.Debug|Any CPU.Build.0 = Debug|Any CPU
		{647090E5-949C-DC7D-2BE0-3F961DD27E2F}.Release|Any CPU.ActiveCfg = Release|Any CPU
		{647090E5-949C-DC7D-2BE0-3F961DD27E2F}.Release|Any CPU.Build.0 = Release|Any CPU
		{091B6ADE-55DF-A994-AA9D-DC3426DDFB38}.Debug|Any CPU.ActiveCfg = Debug|Any CPU
		{091B6ADE-55DF-A994-AA9D-DC3426DDFB38}.Debug|Any CPU.Build.0 = Debug|Any CPU
		{091B6ADE-55DF-A994-AA9D-DC3426DDFB38}.Release|Any CPU.ActiveCfg = Release|Any CPU
		{091B6ADE-55DF-A994-AA9D-DC3426DDFB38}.Release|Any CPU.Build.0 = Release|Any CPU
		{A38BF325-1D97-E9D2-A841-FEB7E82DD876}.Debug|Any CPU.ActiveCfg = Debug|Any CPU
		{A38BF325-1D97-E9D2-A841-FEB7E82DD876}.Debug|Any CPU.Build.0 = Debug|Any CPU
		{A38BF325-1D97-E9D2-A841-FEB7E82DD876}.Release|Any CPU.ActiveCfg = Release|Any CPU
		{A38BF325-1D97-E9D2-A841-FEB7E82DD876}.Release|Any CPU.Build.0 = Release|Any CPU
		{7AC8279A-2D27-2B0A-4639-E8070E8CB2E3}.Debug|Any CPU.ActiveCfg = Debug|Any CPU
		{7AC8279A-2D27-2B0A-4639-E8070E8CB2E3}.Debug|Any CPU.Build.0 = Debug|Any CPU
		{7AC8279A-2D27-2B0A-4639-E8070E8CB2E3}.Release|Any CPU.ActiveCfg = Release|Any CPU
		{7AC8279A-2D27-2B0A-4639-E8070E8CB2E3}.Release|Any CPU.Build.0 = Release|Any CPU
		{9E913FE0-2A9E-96A0-89AD-849EDF57367A}.Debug|Any CPU.ActiveCfg = Debug|Any CPU
		{9E913FE0-2A9E-96A0-89AD-849EDF57367A}.Debug|Any CPU.Build.0 = Debug|Any CPU
		{9E913FE0-2A9E-96A0-89AD-849EDF57367A}.Release|Any CPU.ActiveCfg = Release|Any CPU
		{9E913FE0-2A9E-96A0-89AD-849EDF57367A}.Release|Any CPU.Build.0 = Release|Any CPU
		{FDC9BBDF-A1FD-9B5A-872E-DB4A6FC25023}.Debug|Any CPU.ActiveCfg = Debug|Any CPU
		{FDC9BBDF-A1FD-9B5A-872E-DB4A6FC25023}.Debug|Any CPU.Build.0 = Debug|Any CPU
		{FDC9BBDF-A1FD-9B5A-872E-DB4A6FC25023}.Release|Any CPU.ActiveCfg = Release|Any CPU
		{FDC9BBDF-A1FD-9B5A-872E-DB4A6FC25023}.Release|Any CPU.Build.0 = Release|Any CPU
		{A7403B1A-7913-537A-133A-750F6208DE14}.Debug|Any CPU.ActiveCfg = Debug|Any CPU
		{A7403B1A-7913-537A-133A-750F6208DE14}.Debug|Any CPU.Build.0 = Debug|Any CPU
		{A7403B1A-7913-537A-133A-750F6208DE14}.Release|Any CPU.ActiveCfg = Release|Any CPU
		{A7403B1A-7913-537A-133A-750F6208DE14}.Release|Any CPU.Build.0 = Release|Any CPU
		{911F7764-005C-368F-ECE2-D444F9C1A206}.Debug|Any CPU.ActiveCfg = Debug|Any CPU
		{911F7764-005C-368F-ECE2-D444F9C1A206}.Debug|Any CPU.Build.0 = Debug|Any CPU
		{911F7764-005C-368F-ECE2-D444F9C1A206}.Release|Any CPU.ActiveCfg = Release|Any CPU
		{911F7764-005C-368F-ECE2-D444F9C1A206}.Release|Any CPU.Build.0 = Release|Any CPU
	EndGlobalSection
	GlobalSection(SolutionProperties) = preSolution
		HideSolutionNode = FALSE
	EndGlobalSection
	GlobalSection(NestedProjects) = preSolution
		{A1111111-1111-1111-1111-111111111111} = {02EA681E-C7D8-13C7-8484-4AC65E1B71E8}
		{A2222222-2222-2222-2222-222222222222} = {4BE75DCF-B10B-470A-870E-8B0CF03015D5}
		{A2222221-2222-2222-2222-222222222221} = {A2222222-2222-2222-2222-222222222222}
		{D1B21979-2761-4E6B-81F1-5EDCD96AE006} = {A2222222-2222-2222-2222-222222222222}
		{A2222223-2222-2222-2222-222222222223} = {A2222222-2222-2222-2222-222222222222}
		{A2222224-2222-2222-2222-222222222224} = {A2222222-2222-2222-2222-222222222222}
		{A3333333-3333-3333-3333-333333333333} = {4BE75DCF-B10B-470A-870E-8B0CF03015D5}
		{A3333331-3333-3333-3333-333333333331} = {A3333333-3333-3333-3333-333333333333}
		{4BE75DCF-B10B-470A-870E-8B0CF03015D5} = {02EA681E-C7D8-13C7-8484-4AC65E1B71E8}
		{9C8C2C0D-EE0D-400C-BA8E-DECEE8F2EEE3} = {4BE75DCF-B10B-470A-870E-8B0CF03015D5}
		{9EB43196-601D-4763-B21D-6B7E8305807F} = {4BE75DCF-B10B-470A-870E-8B0CF03015D5}
		{ED4EBCA4-A70D-44EA-A1B2-22ADC31B3798} = {4BE75DCF-B10B-470A-870E-8B0CF03015D5}
		{569ACE60-D595-2D4A-78E5-1EF34D69A81E} = {9C8C2C0D-EE0D-400C-BA8E-DECEE8F2EEE3}
		{647090E5-949C-DC7D-2BE0-3F961DD27E2F} = {9C8C2C0D-EE0D-400C-BA8E-DECEE8F2EEE3}
		{091B6ADE-55DF-A994-AA9D-DC3426DDFB38} = {9C8C2C0D-EE0D-400C-BA8E-DECEE8F2EEE3}
		{A38BF325-1D97-E9D2-A841-FEB7E82DD876} = {9C8C2C0D-EE0D-400C-BA8E-DECEE8F2EEE3}
		{7AC8279A-2D27-2B0A-4639-E8070E8CB2E3} = {9EB43196-601D-4763-B21D-6B7E8305807F}
		{9E913FE0-2A9E-96A0-89AD-849EDF57367A} = {ED4EBCA4-A70D-44EA-A1B2-22ADC31B3798}
		{FDC9BBDF-A1FD-9B5A-872E-DB4A6FC25023} = {ED4EBCA4-A70D-44EA-A1B2-22ADC31B3798}
		{A7403B1A-7913-537A-133A-750F6208DE14} = {ED4EBCA4-A70D-44EA-A1B2-22ADC31B3798}
		{911F7764-005C-368F-ECE2-D444F9C1A206} = {ED4EBCA4-A70D-44EA-A1B2-22ADC31B3798}
	EndGlobalSection
	GlobalSection(ExtensibilityGlobals) = postSolution
		SolutionGuid = {0A58BA02-7FC4-4F72-B1B3-43C94B066E7D}
	EndGlobalSection
EndGlobal
